
Microsoft Visual Studio Solution File, Format Version 12.00
# Visual Studio 15
VisualStudioVersion = 15.0.27703.2035
MinimumVisualStudioVersion = 10.0.40219.1
Project("{FAE04EC0-301F-11D3-BF4B-00C04F79EFBC}") = "KelimeOgren", "KelimeOgren\KelimeOgren.csproj", "{2CE60847-DC0F-4B8C-8F2A-A4BC6743F20A}"
EndProject
Global
	GlobalSection(SolutionConfigurationPlatforms) = preSolution
		Debug|Any CPU = Debug|Any CPU
		Release|Any CPU = Release|Any CPU
	EndGlobalSection
	GlobalSection(ProjectConfigurationPlatforms) = postSolution
		{2CE60847-DC0F-4B8C-8F2A-A4BC6743F20A}.Debug|Any CPU.ActiveCfg = Debug|Any CPU
		{2CE60847-DC0F-4B8C-8F2A-A4BC6743F20A}.Debug|Any CPU.Build.0 = Debug|Any CPU
		{2CE60847-DC0F-4B8C-8F2A-A4BC6743F20A}.Release|Any CPU.ActiveCfg = Release|Any CPU
		{2CE60847-DC0F-4B8C-8F2A-A4BC6743F20A}.Release|Any CPU.Build.0 = Release|Any CPU
	EndGlobalSection
	GlobalSection(SolutionProperties) = preSolution
		HideSolutionNode = FALSE
	EndGlobalSection
	GlobalSection(ExtensibilityGlobals) = postSolution
		SolutionGuid = {C64AE59D-F77F-4A79-B57C-1A8B8318E723}
	EndGlobalSection
EndGlobal
